
Microsoft Visual Studio Solution File, Format Version 12.00
# Visual Studio Version 17
VisualStudioVersion = 17.5.2.0
MinimumVisualStudioVersion = 10.0.40219.1
Project("{FAE04EC0-301F-11D3-BF4B-00C04F79EFBC}") = "server", "server\server.csproj", "{3461765F-60A1-21BC-764E-FC799869FE2F}"
EndProject
Project("{2150E333-8FDC-42A3-9474-1A3956D46DE8}") = "src", "src", "{827E0CD3-B72D-47B6-A68D-7590B98EB39B}"
EndProject
Project("{2150E333-8FDC-42A3-9474-1A3956D46DE8}") = "Shared", "Shared", "{C8E42992-5E42-0C2B-DBFE-AA848D06431C}"
EndProject
Project("{FAE04EC0-301F-11D3-BF4B-00C04F79EFBC}") = "KuendaFinance.Shared", "src\Shared\KuendaFinance.Shared\KuendaFinance.Shared.csproj", "{681C42DA-303B-49F1-95EA-D27305254AFF}"
EndProject
Project("{2150E333-8FDC-42A3-9474-1A3956D46DE8}") = "Services", "Services", "{984BB9B3-3FA3-BE33-9484-CAC21695A33C}"
EndProject
Project("{2150E333-8FDC-42A3-9474-1A3956D46DE8}") = "IAM", "IAM", "{EC120B58-9687-18B1-BD2E-F86386B6F638}"
EndProject
Project("{FAE04EC0-301F-11D3-BF4B-00C04F79EFBC}") = "KuendaFinance.IAM.API", "src\Services\IAM\KuendaFinance.IAM.API\KuendaFinance.IAM.API.csproj", "{E157AB2B-3805-45D7-9C1B-8CDBD7A350B7}"
EndProject
Project("{FAE04EC0-301F-11D3-BF4B-00C04F79EFBC}") = "KuendaFinance.IAM.Application", "src\Services\IAM\KuendaFinance.IAM.Application\KuendaFinance.IAM.Application.csproj", "{1A2024DE-0044-4935-999B-0A50874B5AF2}"
EndProject
Project("{FAE04EC0-301F-11D3-BF4B-00C04F79EFBC}") = "KuendaFinance.IAM.Domain", "src\Services\IAM\KuendaFinance.IAM.Domain\KuendaFinance.IAM.Domain.csproj", "{A9530EB7-9A60-4719-B6AF-25DBADD842C7}"
EndProject
Project("{FAE04EC0-301F-11D3-BF4B-00C04F79EFBC}") = "KuendaFinance.IAM.Infrastructure", "src\Services\IAM\KuendaFinance.IAM.Infrastructure\KuendaFinance.IAM.Infrastructure.csproj", "{3F8B16C3-806B-4101-8CA8-2141F918670B}"
EndProject
Global
	GlobalSection(SolutionConfigurationPlatforms) = preSolution
		Debug|Any CPU = Debug|Any CPU
		Debug|x64 = Debug|x64
		Debug|x86 = Debug|x86
		Release|Any CPU = Release|Any CPU
		Release|x64 = Release|x64
		Release|x86 = Release|x86
	EndGlobalSection
	GlobalSection(ProjectConfigurationPlatforms) = postSolution
		{3461765F-60A1-21BC-764E-FC799869FE2F}.Debug|Any CPU.ActiveCfg = Debug|Any CPU
		{3461765F-60A1-21BC-764E-FC799869FE2F}.Debug|Any CPU.Build.0 = Debug|Any CPU
		{3461765F-60A1-21BC-764E-FC799869FE2F}.Debug|x64.ActiveCfg = Debug|Any CPU
		{3461765F-60A1-21BC-764E-FC799869FE2F}.Debug|x64.Build.0 = Debug|Any CPU
		{3461765F-60A1-21BC-764E-FC799869FE2F}.Debug|x86.ActiveCfg = Debug|Any CPU
		{3461765F-60A1-21BC-764E-FC799869FE2F}.Debug|x86.Build.0 = Debug|Any CPU
		{3461765F-60A1-21BC-764E-FC799869FE2F}.Release|Any CPU.ActiveCfg = Release|Any CPU
		{3461765F-60A1-21BC-764E-FC799869FE2F}.Release|Any CPU.Build.0 = Release|Any CPU
		{3461765F-60A1-21BC-764E-FC799869FE2F}.Release|x64.ActiveCfg = Release|Any CPU
		{3461765F-60A1-21BC-764E-FC799869FE2F}.Release|x64.Build.0 = Release|Any CPU
		{3461765F-60A1-21BC-764E-FC799869FE2F}.Release|x86.ActiveCfg = Release|Any CPU
		{3461765F-60A1-21BC-764E-FC799869FE2F}.Release|x86.Build.0 = Release|Any CPU
		{681C42DA-303B-49F1-95EA-D27305254AFF}.Debug|Any CPU.ActiveCfg = Debug|Any CPU
		{681C42DA-303B-49F1-95EA-D27305254AFF}.Debug|Any CPU.Build.0 = Debug|Any CPU
		{681C42DA-303B-49F1-95EA-D27305254AFF}.Debug|x64.ActiveCfg = Debug|Any CPU
		{681C42DA-303B-49F1-95EA-D27305254AFF}.Debug|x64.Build.0 = Debug|Any CPU
		{681C42DA-303B-49F1-95EA-D27305254AFF}.Debug|x86.ActiveCfg = Debug|Any CPU
		{681C42DA-303B-49F1-95EA-D27305254AFF}.Debug|x86.Build.0 = Debug|Any CPU
		{681C42DA-303B-49F1-95EA-D27305254AFF}.Release|Any CPU.ActiveCfg = Release|Any CPU
		{681C42DA-303B-49F1-95EA-D27305254AFF}.Release|Any CPU.Build.0 = Release|Any CPU
		{681C42DA-303B-49F1-95EA-D27305254AFF}.Release|x64.ActiveCfg = Release|Any CPU
		{681C42DA-303B-49F1-95EA-D27305254AFF}.Release|x64.Build.0 = Release|Any CPU
		{681C42DA-303B-49F1-95EA-D27305254AFF}.Release|x86.ActiveCfg = Release|Any CPU
		{681C42DA-303B-49F1-95EA-D27305254AFF}.Release|x86.Build.0 = Release|Any CPU
		{E157AB2B-3805-45D7-9C1B-8CDBD7A350B7}.Debug|Any CPU.ActiveCfg = Debug|Any CPU
		{E157AB2B-3805-45D7-9C1B-8CDBD7A350B7}.Debug|Any CPU.Build.0 = Debug|Any CPU
		{E157AB2B-3805-45D7-9C1B-8CDBD7A350B7}.Debug|x64.ActiveCfg = Debug|Any CPU
		{E157AB2B-3805-45D7-9C1B-8CDBD7A350B7}.Debug|x64.Build.0 = Debug|Any CPU
		{E157AB2B-3805-45D7-9C1B-8CDBD7A350B7}.Debug|x86.ActiveCfg = Debug|Any CPU
		{E157AB2B-3805-45D7-9C1B-8CDBD7A350B7}.Debug|x86.Build.0 = Debug|Any CPU
		{E157AB2B-3805-45D7-9C1B-8CDBD7A350B7}.Release|Any CPU.ActiveCfg = Release|Any CPU
		{E157AB2B-3805-45D7-9C1B-8CDBD7A350B7}.Release|Any CPU.Build.0 = Release|Any CPU
		{E157AB2B-3805-45D7-9C1B-8CDBD7A350B7}.Release|x64.ActiveCfg = Release|Any CPU
		{E157AB2B-3805-45D7-9C1B-8CDBD7A350B7}.Release|x64.Build.0 = Release|Any CPU
		{E157AB2B-3805-45D7-9C1B-8CDBD7A350B7}.Release|x86.ActiveCfg = Release|Any CPU
		{E157AB2B-3805-45D7-9C1B-8CDBD7A350B7}.Release|x86.Build.0 = Release|Any CPU
		{1A2024DE-0044-4935-999B-0A50874B5AF2}.Debug|Any CPU.ActiveCfg = Debug|Any CPU
		{1A2024DE-0044-4935-999B-0A50874B5AF2}.Debug|Any CPU.Build.0 = Debug|Any CPU
		{1A2024DE-0044-4935-999B-0A50874B5AF2}.Debug|x64.ActiveCfg = Debug|Any CPU
		{1A2024DE-0044-4935-999B-0A50874B5AF2}.Debug|x64.Build.0 = Debug|Any CPU
		{1A2024DE-0044-4935-999B-0A50874B5AF2}.Debug|x86.ActiveCfg = Debug|Any CPU
		{1A2024DE-0044-4935-999B-0A50874B5AF2}.Debug|x86.Build.0 = Debug|Any CPU
		{1A2024DE-0044-4935-999B-0A50874B5AF2}.Release|Any CPU.ActiveCfg = Release|Any CPU
		{1A2024DE-0044-4935-999B-0A50874B5AF2}.Release|Any CPU.Build.0 = Release|Any CPU
		{1A2024DE-0044-4935-999B-0A50874B5AF2}.Release|x64.ActiveCfg = Release|Any CPU
		{1A2024DE-0044-4935-999B-0A50874B5AF2}.Release|x64.Build.0 = Release|Any CPU
		{1A2024DE-0044-4935-999B-0A50874B5AF2}.Release|x86.ActiveCfg = Release|Any CPU
		{1A2024DE-0044-4935-999B-0A50874B5AF2}.Release|x86.Build.0 = Release|Any CPU
		{A9530EB7-9A60-4719-B6AF-25DBADD842C7}.Debug|Any CPU.ActiveCfg = Debug|Any CPU
		{A9530EB7-9A60-4719-B6AF-25DBADD842C7}.Debug|Any CPU.Build.0 = Debug|Any CPU
		{A9530EB7-9A60-4719-B6AF-25DBADD842C7}.Debug|x64.ActiveCfg = Debug|Any CPU
		{A9530EB7-9A60-4719-B6AF-25DBADD842C7}.Debug|x64.Build.0 = Debug|Any CPU
		{A9530EB7-9A60-4719-B6AF-25DBADD842C7}.Debug|x86.ActiveCfg = Debug|Any CPU
		{A9530EB7-9A60-4719-B6AF-25DBADD842C7}.Debug|x86.Build.0 = Debug|Any CPU
		{A9530EB7-9A60-4719-B6AF-25DBADD842C7}.Release|Any CPU.ActiveCfg = Release|Any CPU
		{A9530EB7-9A60-4719-B6AF-25DBADD842C7}.Release|Any CPU.Build.0 = Release|Any CPU
		{A9530EB7-9A60-4719-B6AF-25DBADD842C7}.Release|x64.ActiveCfg = Release|Any CPU
		{A9530EB7-9A60-4719-B6AF-25DBADD842C7}.Release|x64.Build.0 = Release|Any CPU
		{A9530EB7-9A60-4719-B6AF-25DBADD842C7}.Release|x86.ActiveCfg = Release|Any CPU
		{A9530EB7-9A60-4719-B6AF-25DBADD842C7}.Release|x86.Build.0 = Release|Any CPU
		{3F8B16C3-806B-4101-8CA8-2141F918670B}.Debug|Any CPU.ActiveCfg = Debug|Any CPU
		{3F8B16C3-806B-4101-8CA8-2141F918670B}.Debug|Any CPU.Build.0 = Debug|Any CPU
		{3F8B16C3-806B-4101-8CA8-2141F918670B}.Debug|x64.ActiveCfg = Debug|Any CPU
		{3F8B16C3-806B-4101-8CA8-2141F918670B}.Debug|x64.Build.0 = Debug|Any CPU
		{3F8B16C3-806B-4101-8CA8-2141F918670B}.Debug|x86.ActiveCfg = Debug|Any CPU
		{3F8B16C3-806B-4101-8CA8-2141F918670B}.Debug|x86.Build.0 = Debug|Any CPU
		{3F8B16C3-806B-4101-8CA8-2141F918670B}.Release|Any CPU.ActiveCfg = Release|Any CPU
		{3F8B16C3-806B-4101-8CA8-2141F918670B}.Release|Any CPU.Build.0 = Release|Any CPU
		{3F8B16C3-806B-4101-8CA8-2141F918670B}.Release|x64.ActiveCfg = Release|Any CPU
		{3F8B16C3-806B-4101-8CA8-2141F918670B}.Release|x64.Build.0 = Release|Any CPU
		{3F8B16C3-806B-4101-8CA8-2141F918670B}.Release|x86.ActiveCfg = Release|Any CPU
		{3F8B16C3-806B-4101-8CA8-2141F918670B}.Release|x86.Build.0 = Release|Any CPU
	EndGlobalSection
	GlobalSection(SolutionProperties) = preSolution
		HideSolutionNode = FALSE
	EndGlobalSection
	GlobalSection(NestedProjects) = preSolution
		{C8E42992-5E42-0C2B-DBFE-AA848D06431C} = {827E0CD3-B72D-47B6-A68D-7590B98EB39B}
		{681C42DA-303B-49F1-95EA-D27305254AFF} = {C8E42992-5E42-0C2B-DBFE-AA848D06431C}
		{984BB9B3-3FA3-BE33-9484-CAC21695A33C} = {827E0CD3-B72D-47B6-A68D-7590B98EB39B}
		{EC120B58-9687-18B1-BD2E-F86386B6F638} = {984BB9B3-3FA3-BE33-9484-CAC21695A33C}
		{E157AB2B-3805-45D7-9C1B-8CDBD7A350B7} = {EC120B58-9687-18B1-BD2E-F86386B6F638}
		{1A2024DE-0044-4935-999B-0A50874B5AF2} = {EC120B58-9687-18B1-BD2E-F86386B6F638}
		{A9530EB7-9A60-4719-B6AF-25DBADD842C7} = {EC120B58-9687-18B1-BD2E-F86386B6F638}
		{3F8B16C3-806B-4101-8CA8-2141F918670B} = {EC120B58-9687-18B1-BD2E-F86386B6F638}
	EndGlobalSection
	GlobalSection(ExtensibilityGlobals) = postSolution
		SolutionGuid = {804ADFA2-7AD8-4E60-8426-91FCF920DFAB}
	EndGlobalSection
EndGlobal
